
Microsoft Visual Studio Solution File, Format Version 12.00
# Visual Studio Version 17
VisualStudioVersion = 17.11.35327.3
MinimumVisualStudioVersion = 10.0.40219.1
Project("{9A19103F-16F7-4668-BE54-9A1E7A4F7556}") = "SimpleTrader.Domain", "SimpleTrader.Domain\SimpleTrader.Domain.csproj", "{2DEA388A-F6E7-4D54-9801-0CDEF6719F4F}"
EndProject
Project("{9A19103F-16F7-4668-BE54-9A1E7A4F7556}") = "SimpleTrader.EntityFramework", "SimpleTrader.EntityFramework\SimpleTrader.EntityFramework.csproj", "{F6188016-258C-4871-93CC-075913ED8F87}"
EndProject
Project("{FAE04EC0-301F-11D3-BF4B-00C04F79EFBC}") = "SimpleTrader.WPF", "SimpleTrader.WPF\SimpleTrader.WPF.csproj", "{5876EEF8-A1B9-4AA8-A650-511FC1BD4C28}"
EndProject
Project("{FAE04EC0-301F-11D3-BF4B-00C04F79EFBC}") = "SimpleTrader.FinancialModelingPrepAPI", "SimpleTrader.FinancialModelingPrepAPI\SimpleTrader.FinancialModelingPrepAPI.csproj", "{23143654-21AD-4BD3-88A0-B8529E760C26}"
EndProject
Global
	GlobalSection(SolutionConfigurationPlatforms) = preSolution
		Debug|Any CPU = Debug|Any CPU
		Release|Any CPU = Release|Any CPU
	EndGlobalSection
	GlobalSection(ProjectConfigurationPlatforms) = postSolution
		{2DEA388A-F6E7-4D54-9801-0CDEF6719F4F}.Debug|Any CPU.ActiveCfg = Debug|Any CPU
		{2DEA388A-F6E7-4D54-9801-0CDEF6719F4F}.Debug|Any CPU.Build.0 = Debug|Any CPU
		{2DEA388A-F6E7-4D54-9801-0CDEF6719F4F}.Release|Any CPU.ActiveCfg = Release|Any CPU
		{2DEA388A-F6E7-4D54-9801-0CDEF6719F4F}.Release|Any CPU.Build.0 = Release|Any CPU
		{F6188016-258C-4871-93CC-075913ED8F87}.Debug|Any CPU.ActiveCfg = Debug|Any CPU
		{F6188016-258C-4871-93CC-075913ED8F87}.Debug|Any CPU.Build.0 = Debug|Any CPU
		{F6188016-258C-4871-93CC-075913ED8F87}.Release|Any CPU.ActiveCfg = Release|Any CPU
		{F6188016-258C-4871-93CC-075913ED8F87}.Release|Any CPU.Build.0 = Release|Any CPU
		{5876EEF8-A1B9-4AA8-A650-511FC1BD4C28}.Debug|Any CPU.ActiveCfg = Debug|Any CPU
		{5876EEF8-A1B9-4AA8-A650-511FC1BD4C28}.Debug|Any CPU.Build.0 = Debug|Any CPU
		{5876EEF8-A1B9-4AA8-A650-511FC1BD4C28}.Release|Any CPU.ActiveCfg = Release|Any CPU
		{5876EEF8-A1B9-4AA8-A650-511FC1BD4C28}.Release|Any CPU.Build.0 = Release|Any CPU
		{23143654-21AD-4BD3-88A0-B8529E760C26}.Debug|Any CPU.ActiveCfg = Debug|Any CPU
		{23143654-21AD-4BD3-88A0-B8529E760C26}.Debug|Any CPU.Build.0 = Debug|Any CPU
		{23143654-21AD-4BD3-88A0-B8529E760C26}.Release|Any CPU.ActiveCfg = Release|Any CPU
		{23143654-21AD-4BD3-88A0-B8529E760C26}.Release|Any CPU.Build.0 = Release|Any CPU
	EndGlobalSection
	GlobalSection(SolutionProperties) = preSolution
		HideSolutionNode = FALSE
	EndGlobalSection
	GlobalSection(ExtensibilityGlobals) = postSolution
		SolutionGuid = {50A2B934-6944-439F-BF4E-48DF286A3B35}
	EndGlobalSection
EndGlobal
